
Microsoft Visual Studio Solution File, Format Version 12.00
# Visual Studio Version 17
VisualStudioVersion = 17.7.34202.233
MinimumVisualStudioVersion = 10.0.40219.1
Project("{FAE04EC0-301F-11D3-BF4B-00C04F79EFBC}") = "Practica_DI", "Practica_DI\Practica_DI.csproj", "{19A6B8A7-5552-4DB4-B129-3B4325CD803A}"
EndProject
Global
	GlobalSection(SolutionConfigurationPlatforms) = preSolution
		Debug|Any CPU = Debug|Any CPU
		Release|Any CPU = Release|Any CPU
	EndGlobalSection
	GlobalSection(ProjectConfigurationPlatforms) = postSolution
		{19A6B8A7-5552-4DB4-B129-3B4325CD803A}.Debug|Any CPU.ActiveCfg = Debug|Any CPU
		{19A6B8A7-5552-4DB4-B129-3B4325CD803A}.Debug|Any CPU.Build.0 = Debug|Any CPU
		{19A6B8A7-5552-4DB4-B129-3B4325CD803A}.Release|Any CPU.ActiveCfg = Release|Any CPU
		{19A6B8A7-5552-4DB4-B129-3B4325CD803A}.Release|Any CPU.Build.0 = Release|Any CPU
	EndGlobalSection
	GlobalSection(SolutionProperties) = preSolution
		HideSolutionNode = FALSE
	EndGlobalSection
	GlobalSection(ExtensibilityGlobals) = postSolution
		SolutionGuid = {1E0A5EF0-5F9D-4FEC-9410-1D65CE9463B0}
	EndGlobalSection
EndGlobal
